
Microsoft Visual Studio Solution File, Format Version 12.00
# Visual Studio Version 17
VisualStudioVersion = 17.13.35931.197
MinimumVisualStudioVersion = 10.0.40219.1
Project("{FAE04EC0-301F-11D3-BF4B-00C04F79EFBC}") = "CalcularMedia", "AulaCsharpSenac\CalcularMedia.csproj", "{B48E576E-4860-4153-9988-8DE36B50972A}"
EndProject
Project("{2150E333-8FDC-42A3-9474-1A3956D46DE8}") = "CalcularMedia", "CalcularMedia", "{02EA681E-C7D8-13C7-8484-4AC65E1B71E8}"
EndProject
Project("{2150E333-8FDC-42A3-9474-1A3956D46DE8}") = "CalcularImc", "CalcularImc", "{724EC155-D792-4296-AFAC-559D60251C48}"
EndProject
Project("{FAE04EC0-301F-11D3-BF4B-00C04F79EFBC}") = "CalcularImc", "CalcularImc\CalcularImc.csproj", "{873A1E70-6309-4378-BA00-39536E7E7585}"
EndProject
Project("{2150E333-8FDC-42A3-9474-1A3956D46DE8}") = "ProjetoBanco", "ProjetoBanco", "{B8146EAC-B783-4773-B445-5281363C960F}"
EndProject
Project("{FAE04EC0-301F-11D3-BF4B-00C04F79EFBC}") = "ProjetoBanco", "ProjetoBanco\ProjetoBanco.csproj", "{61B3AEC2-DB8D-4CF6-83DE-E674971CC543}"
EndProject
Project("{2150E333-8FDC-42A3-9474-1A3956D46DE8}") = "PrimeiraApi", "PrimeiraApi", "{9411543C-D3D8-4212-99F1-4687974401EC}"
EndProject
Project("{FAE04EC0-301F-11D3-BF4B-00C04F79EFBC}") = "PrimeiraApi", "PrimeiraApi\PrimeiraApi.csproj", "{80C97B0A-B342-4083-864B-B407D26B222D}"
EndProject
Project("{2150E333-8FDC-42A3-9474-1A3956D46DE8}") = "ApiCadastroCarro", "ApiCadastroCarro", "{9BFF286B-3FE1-45F6-99EB-5E63ABE817DC}"
EndProject
Project("{FAE04EC0-301F-11D3-BF4B-00C04F79EFBC}") = "ApiCadastroCarro", "ApiCadastroCarro\ApiCadastroCarro.csproj", "{FBF7FEE3-15FD-4CDB-AA78-0487B5BDC6FE}"
EndProject
Project("{FAE04EC0-301F-11D3-BF4B-00C04F79EFBC}") = "CadastroCarroService", "CadastroCarrosService\CadastroCarroService.csproj", "{E0D9FE87-2738-4E2A-B7B6-0D426831031E}"
EndProject
Project("{FAE04EC0-301F-11D3-BF4B-00C04F79EFBC}") = "PrimeiraApiService", "PrimeiraApiService\PrimeiraApiService.csproj", "{BF50B5BC-BF40-4DB0-8E9F-270CF22333B7}"
EndProject
Project("{2150E333-8FDC-42A3-9474-1A3956D46DE8}") = "PrimeiraApiDDD", "PrimeiraApiDDD", "{50297724-8513-4687-882C-1D786C075DFE}"
EndProject
Project("{2150E333-8FDC-42A3-9474-1A3956D46DE8}") = "Aplicacao", "Aplicacao", "{D4FC27E5-3795-43BE-B866-48B358853B48}"
EndProject
Project("{FAE04EC0-301F-11D3-BF4B-00C04F79EFBC}") = "MinhaApiDDD.Aplicacao", "MinhaApiDDD.Aplicacao\MinhaApiDDD.Aplicacao.csproj", "{3F965838-4E70-4802-B1D1-9DDF4D8D4C49}"
EndProject
Project("{2150E333-8FDC-42A3-9474-1A3956D46DE8}") = "Dominio", "Dominio", "{E451F516-5A5A-4516-8EE4-1D5AA73D7D13}"
EndProject
Project("{FAE04EC0-301F-11D3-BF4B-00C04F79EFBC}") = "MinhaApiDDD.Dominio", "MinhaApiDDD.Dominio\MinhaApiDDD.Dominio.csproj", "{642EF65A-8BE6-4286-A1EB-5EB7B5A62E1F}"
EndProject
Project("{2150E333-8FDC-42A3-9474-1A3956D46DE8}") = "Infra", "Infra", "{F5928021-F4DB-4056-B16A-9799F7DAF08E}"
EndProject
Project("{FAE04EC0-301F-11D3-BF4B-00C04F79EFBC}") = "PrimeiraApiDDD", "PrimeiraApiDDD\PrimeiraApiDDD.csproj", "{C2AD3F52-DB49-461D-B1A7-8BB5F340DA34}"
EndProject
Project("{2150E333-8FDC-42A3-9474-1A3956D46DE8}") = "DataTransfer", "DataTransfer", "{062BC3D3-ED4B-4A6F-818D-697466C3811E}"
EndProject
Project("{FAE04EC0-301F-11D3-BF4B-00C04F79EFBC}") = "MinhaApiDDD.DataTransfer", "MinhaApiDDD.DataTransfer\MinhaApiDDD.DataTransfer.csproj", "{9E79C366-CFE3-4934-A97A-A990D6DFCAD6}"
EndProject
Project("{2150E333-8FDC-42A3-9474-1A3956D46DE8}") = "GerenciamentoProdutoApi", "GerenciamentoProdutoApi", "{96D74FF7-8581-496E-8A53-AA61E908BA67}"
EndProject
Project("{FAE04EC0-301F-11D3-BF4B-00C04F79EFBC}") = "GerenciamentoProdutoApi", "GerenciamentoProdutoApi\GerenciamentoProdutoApi.csproj", "{CDA9D071-2997-4913-823F-E4F5596286E3}"
EndProject
Project("{2150E333-8FDC-42A3-9474-1A3956D46DE8}") = "Aplicacao", "Aplicacao", "{F9D908C7-158B-49EB-B4A9-5BF982402D3E}"
EndProject
Project("{2150E333-8FDC-42A3-9474-1A3956D46DE8}") = "Dominio", "Dominio", "{A69CFF61-3BC7-4812-92A9-1AE4AD7E10F6}"
EndProject
Project("{2150E333-8FDC-42A3-9474-1A3956D46DE8}") = "DataTrasfer", "DataTrasfer", "{8342ADD4-CCF9-443C-B24F-4A4809E20101}"
EndProject
Project("{2150E333-8FDC-42A3-9474-1A3956D46DE8}") = "Infraestrutura", "Infraestrutura", "{E64EF6B8-9BB8-464A-BD1C-DA11BACC03DC}"
EndProject
Project("{FAE04EC0-301F-11D3-BF4B-00C04F79EFBC}") = "GerenciamentoProdutoApi.Aplicacao", "GerenciamentoProdutoApi.Aplicacao\GerenciamentoProdutoApi.Aplicacao.csproj", "{FE28844C-5F9D-4B18-8A23-DB6ACA596905}"
EndProject
Project("{FAE04EC0-301F-11D3-BF4B-00C04F79EFBC}") = "GerenciamentoProdutoApi.DataTrasfer", "GerenciamentoProdutoApi.DataTrasfer\GerenciamentoProdutoApi.DataTrasfer.csproj", "{3276E1B5-F188-4157-AAE4-DC28ADFFDC6A}"
EndProject
Project("{FAE04EC0-301F-11D3-BF4B-00C04F79EFBC}") = "GerenciamentoProdutoApi.Dominio", "GerenciamentoProdutoApi.Dominio\GerenciamentoProdutoApi.Dominio.csproj", "{25E8306A-0512-47EC-A0BA-828DBC06D65C}"
EndProject
Project("{FAE04EC0-301F-11D3-BF4B-00C04F79EFBC}") = "GerenciamentoProdutoApi.Infraestrutura", "GerenciamentoProdutoApi.Infraestrutura\GerenciamentoProdutoApi.Infraestrutura.csproj", "{25F3F144-D6E2-4CEE-9054-D8DB56622B72}"
EndProject
Project("{2150E333-8FDC-42A3-9474-1A3956D46DE8}") = "GerenciamentoTurmasApi", "GerenciamentoTurmasApi", "{2C8E9FE0-5B03-4CE8-9172-26BD6280959F}"
EndProject
Project("{2150E333-8FDC-42A3-9474-1A3956D46DE8}") = "Aplicacao", "Aplicacao", "{83C11BA2-EA3C-498A-9C5D-678AE678FDED}"
EndProject
Project("{2150E333-8FDC-42A3-9474-1A3956D46DE8}") = "DataTransfer", "DataTransfer", "{ED957CBF-B364-45A4-B3E6-0433D53F2127}"
EndProject
Project("{2150E333-8FDC-42A3-9474-1A3956D46DE8}") = "Dominio", "Dominio", "{5FAE495F-4929-40D9-B2A7-ECEC7E7CFA0B}"
EndProject
Project("{2150E333-8FDC-42A3-9474-1A3956D46DE8}") = "Infraestrutura", "Infraestrutura", "{108337C3-2A80-418A-A6B6-545C90B24C0D}"
EndProject
Project("{FAE04EC0-301F-11D3-BF4B-00C04F79EFBC}") = "GerenciamentoTurmasApi", "GerenciamentoTurmasApi\GerenciamentoTurmasApi.csproj", "{DF1C292F-F649-49AD-BFAC-48D045EFC1F4}"
EndProject
Project("{FAE04EC0-301F-11D3-BF4B-00C04F79EFBC}") = "GerenciamentoTurmasApi.Aplicacao", "GerenciamentoTurmasApi.Aplicacao\GerenciamentoTurmasApi.Aplicacao.csproj", "{7E2B7CD7-DE45-49B0-A2D8-68B65784D7E7}"
EndProject
Project("{FAE04EC0-301F-11D3-BF4B-00C04F79EFBC}") = "GerenciamentoTurmasApi.DataTransfer", "GerenciamentoTurmasApi.DataTransfer\GerenciamentoTurmasApi.DataTransfer.csproj", "{0AFCE458-3F54-4EB9-8885-A5BCF68D289B}"
EndProject
Project("{FAE04EC0-301F-11D3-BF4B-00C04F79EFBC}") = "GerenciamentoTurmasApi.Dominio", "GerenciamentoTurmasApi.Dominio\GerenciamentoTurmasApi.Dominio.csproj", "{B3B16BB8-AB60-4A31-B2B6-9EDA622A3DF3}"
EndProject
Project("{FAE04EC0-301F-11D3-BF4B-00C04F79EFBC}") = "GerenciamentoTurmasApi.Infraestrutura", "GerenciamentoTurmasApi.Infraestrutura\GerenciamentoTurmasApi.Infraestrutura.csproj", "{FFF2B8EA-189B-40FB-9C64-281C12052FB8}"
EndProject
Project("{2150E333-8FDC-42A3-9474-1A3956D46DE8}") = "AulaRevisao", "AulaRevisao", "{531D8A8E-CEF3-4F93-8A06-0746F3569BA6}"
EndProject
Project("{FAE04EC0-301F-11D3-BF4B-00C04F79EFBC}") = "AulaRevisao", "AulaRevisao\AulaRevisao.csproj", "{634E533C-EA7E-4E62-B065-21E08F5674AB}"
EndProject
Project("{2150E333-8FDC-42A3-9474-1A3956D46DE8}") = "Calculadora", "Calculadora", "{1829D153-E95B-43A1-9BD1-2FC0A2589071}"
EndProject
Project("{FAE04EC0-301F-11D3-BF4B-00C04F79EFBC}") = "Calculadora", "Calculadora\Calculadora.csproj", "{DA29C4E3-388B-432B-AFC6-EE479CFCFB7A}"
EndProject
Project("{2150E333-8FDC-42A3-9474-1A3956D46DE8}") = "ImparPar", "ImparPar", "{58C3F9C4-5846-4460-B718-FE4897E3B678}"
EndProject
Project("{FAE04EC0-301F-11D3-BF4B-00C04F79EFBC}") = "ImparPar", "ImparPar\ImparPar.csproj", "{41655154-564B-423B-8BD5-DA903874E7F0}"
EndProject
Project("{2150E333-8FDC-42A3-9474-1A3956D46DE8}") = "ContadorUmDez", "ContadorUmDez", "{6B62BBB8-B84B-44EA-88CA-0507185B57D7}"
EndProject
Project("{FAE04EC0-301F-11D3-BF4B-00C04F79EFBC}") = "ContadorUmDez", "ContadorUmDez\ContadorUmDez.csproj", "{AC1E232D-7952-48CA-B8B5-0CC950CD75AB}"
EndProject
Project("{2150E333-8FDC-42A3-9474-1A3956D46DE8}") = "CalculadoraInterativa", "CalculadoraInterativa", "{4015FD71-7F88-4AAB-ABD3-08A545A165B8}"
EndProject
Project("{FAE04EC0-301F-11D3-BF4B-00C04F79EFBC}") = "CalculadoraInterativa", "CalculadoraInterativa\CalculadoraInterativa.csproj", "{DDF89E93-5738-4CEB-9A5B-BF00A73AEAA5}"
EndProject
Project("{2150E333-8FDC-42A3-9474-1A3956D46DE8}") = "AulaLista", "AulaLista", "{0807DE83-3B1B-4602-B44D-204BCBFFD6A0}"
EndProject
Project("{FAE04EC0-301F-11D3-BF4B-00C04F79EFBC}") = "AulaLista", "AulaLista\AulaLista.csproj", "{40DE330F-0BD9-4AF3-967F-E579734FF682}"
EndProject
Project("{2150E333-8FDC-42A3-9474-1A3956D46DE8}") = "CadastroAlunos", "CadastroAlunos", "{10A85048-36CD-4058-B573-EEE1365D55D7}"
EndProject
Project("{FAE04EC0-301F-11D3-BF4B-00C04F79EFBC}") = "CadastroAlunos", "CadastroAlunos\CadastroAlunos.csproj", "{398A12AA-D8DF-404E-A92D-02B237914301}"
EndProject
Project("{2150E333-8FDC-42A3-9474-1A3956D46DE8}") = "CadastrarAlunos2", "CadastrarAlunos2", "{35B70E0A-EBDE-4605-81D4-2029737A90D8}"
EndProject
Project("{FAE04EC0-301F-11D3-BF4B-00C04F79EFBC}") = "CadastrarAlunos2", "CadastrarAlunos2\CadastrarAlunos2.csproj", "{54154472-20DD-4B3F-BB9A-349DF56F1A2A}"
EndProject
Project("{2150E333-8FDC-42A3-9474-1A3956D46DE8}") = "CollectionsAndLinq", "CollectionsAndLinq", "{C0E5502C-5198-4596-877E-DBD52635AADB}"
EndProject
Project("{FAE04EC0-301F-11D3-BF4B-00C04F79EFBC}") = "CollectionsAndLinq", "CollectionsAndLinq\CollectionsAndLinq.csproj", "{C23ED82F-39D6-4810-934F-88ADBBDA1CD4}"
EndProject
Global
	GlobalSection(SolutionConfigurationPlatforms) = preSolution
		Debug|Any CPU = Debug|Any CPU
		Release|Any CPU = Release|Any CPU
	EndGlobalSection
	GlobalSection(ProjectConfigurationPlatforms) = postSolution
		{B48E576E-4860-4153-9988-8DE36B50972A}.Debug|Any CPU.ActiveCfg = Debug|Any CPU
		{B48E576E-4860-4153-9988-8DE36B50972A}.Debug|Any CPU.Build.0 = Debug|Any CPU
		{B48E576E-4860-4153-9988-8DE36B50972A}.Release|Any CPU.ActiveCfg = Release|Any CPU
		{B48E576E-4860-4153-9988-8DE36B50972A}.Release|Any CPU.Build.0 = Release|Any CPU
		{873A1E70-6309-4378-BA00-39536E7E7585}.Debug|Any CPU.ActiveCfg = Debug|Any CPU
		{873A1E70-6309-4378-BA00-39536E7E7585}.Debug|Any CPU.Build.0 = Debug|Any CPU
		{873A1E70-6309-4378-BA00-39536E7E7585}.Release|Any CPU.ActiveCfg = Release|Any CPU
		{873A1E70-6309-4378-BA00-39536E7E7585}.Release|Any CPU.Build.0 = Release|Any CPU
		{61B3AEC2-DB8D-4CF6-83DE-E674971CC543}.Debug|Any CPU.ActiveCfg = Debug|Any CPU
		{61B3AEC2-DB8D-4CF6-83DE-E674971CC543}.Debug|Any CPU.Build.0 = Debug|Any CPU
		{61B3AEC2-DB8D-4CF6-83DE-E674971CC543}.Release|Any CPU.ActiveCfg = Release|Any CPU
		{61B3AEC2-DB8D-4CF6-83DE-E674971CC543}.Release|Any CPU.Build.0 = Release|Any CPU
		{80C97B0A-B342-4083-864B-B407D26B222D}.Debug|Any CPU.ActiveCfg = Debug|Any CPU
		{80C97B0A-B342-4083-864B-B407D26B222D}.Debug|Any CPU.Build.0 = Debug|Any CPU
		{80C97B0A-B342-4083-864B-B407D26B222D}.Release|Any CPU.ActiveCfg = Release|Any CPU
		{80C97B0A-B342-4083-864B-B407D26B222D}.Release|Any CPU.Build.0 = Release|Any CPU
		{FBF7FEE3-15FD-4CDB-AA78-0487B5BDC6FE}.Debug|Any CPU.ActiveCfg = Debug|Any CPU
		{FBF7FEE3-15FD-4CDB-AA78-0487B5BDC6FE}.Debug|Any CPU.Build.0 = Debug|Any CPU
		{FBF7FEE3-15FD-4CDB-AA78-0487B5BDC6FE}.Release|Any CPU.ActiveCfg = Release|Any CPU
		{FBF7FEE3-15FD-4CDB-AA78-0487B5BDC6FE}.Release|Any CPU.Build.0 = Release|Any CPU
		{E0D9FE87-2738-4E2A-B7B6-0D426831031E}.Debug|Any CPU.ActiveCfg = Debug|Any CPU
		{E0D9FE87-2738-4E2A-B7B6-0D426831031E}.Debug|Any CPU.Build.0 = Debug|Any CPU
		{E0D9FE87-2738-4E2A-B7B6-0D426831031E}.Release|Any CPU.ActiveCfg = Release|Any CPU
		{E0D9FE87-2738-4E2A-B7B6-0D426831031E}.Release|Any CPU.Build.0 = Release|Any CPU
		{BF50B5BC-BF40-4DB0-8E9F-270CF22333B7}.Debug|Any CPU.ActiveCfg = Debug|Any CPU
		{BF50B5BC-BF40-4DB0-8E9F-270CF22333B7}.Debug|Any CPU.Build.0 = Debug|Any CPU
		{BF50B5BC-BF40-4DB0-8E9F-270CF22333B7}.Release|Any CPU.ActiveCfg = Release|Any CPU
		{BF50B5BC-BF40-4DB0-8E9F-270CF22333B7}.Release|Any CPU.Build.0 = Release|Any CPU
		{3F965838-4E70-4802-B1D1-9DDF4D8D4C49}.Debug|Any CPU.ActiveCfg = Debug|Any CPU
		{3F965838-4E70-4802-B1D1-9DDF4D8D4C49}.Debug|Any CPU.Build.0 = Debug|Any CPU
		{3F965838-4E70-4802-B1D1-9DDF4D8D4C49}.Release|Any CPU.ActiveCfg = Release|Any CPU
		{3F965838-4E70-4802-B1D1-9DDF4D8D4C49}.Release|Any CPU.Build.0 = Release|Any CPU
		{642EF65A-8BE6-4286-A1EB-5EB7B5A62E1F}.Debug|Any CPU.ActiveCfg = Debug|Any CPU
		{642EF65A-8BE6-4286-A1EB-5EB7B5A62E1F}.Debug|Any CPU.Build.0 = Debug|Any CPU
		{642EF65A-8BE6-4286-A1EB-5EB7B5A62E1F}.Release|Any CPU.ActiveCfg = Release|Any CPU
		{642EF65A-8BE6-4286-A1EB-5EB7B5A62E1F}.Release|Any CPU.Build.0 = Release|Any CPU
		{C2AD3F52-DB49-461D-B1A7-8BB5F340DA34}.Debug|Any CPU.ActiveCfg = Debug|Any CPU
		{C2AD3F52-DB49-461D-B1A7-8BB5F340DA34}.Debug|Any CPU.Build.0 = Debug|Any CPU
		{C2AD3F52-DB49-461D-B1A7-8BB5F340DA34}.Release|Any CPU.ActiveCfg = Release|Any CPU
		{C2AD3F52-DB49-461D-B1A7-8BB5F340DA34}.Release|Any CPU.Build.0 = Release|Any CPU
		{9E79C366-CFE3-4934-A97A-A990D6DFCAD6}.Debug|Any CPU.ActiveCfg = Debug|Any CPU
		{9E79C366-CFE3-4934-A97A-A990D6DFCAD6}.Debug|Any CPU.Build.0 = Debug|Any CPU
		{9E79C366-CFE3-4934-A97A-A990D6DFCAD6}.Release|Any CPU.ActiveCfg = Release|Any CPU
		{9E79C366-CFE3-4934-A97A-A990D6DFCAD6}.Release|Any CPU.Build.0 = Release|Any CPU
		{CDA9D071-2997-4913-823F-E4F5596286E3}.Debug|Any CPU.ActiveCfg = Debug|Any CPU
		{CDA9D071-2997-4913-823F-E4F5596286E3}.Debug|Any CPU.Build.0 = Debug|Any CPU
		{CDA9D071-2997-4913-823F-E4F5596286E3}.Release|Any CPU.ActiveCfg = Release|Any CPU
		{CDA9D071-2997-4913-823F-E4F5596286E3}.Release|Any CPU.Build.0 = Release|Any CPU
		{FE28844C-5F9D-4B18-8A23-DB6ACA596905}.Debug|Any CPU.ActiveCfg = Debug|Any CPU
		{FE28844C-5F9D-4B18-8A23-DB6ACA596905}.Debug|Any CPU.Build.0 = Debug|Any CPU
		{FE28844C-5F9D-4B18-8A23-DB6ACA596905}.Release|Any CPU.ActiveCfg = Release|Any CPU
		{FE28844C-5F9D-4B18-8A23-DB6ACA596905}.Release|Any CPU.Build.0 = Release|Any CPU
		{3276E1B5-F188-4157-AAE4-DC28ADFFDC6A}.Debug|Any CPU.ActiveCfg = Debug|Any CPU
		{3276E1B5-F188-4157-AAE4-DC28ADFFDC6A}.Debug|Any CPU.Build.0 = Debug|Any CPU
		{3276E1B5-F188-4157-AAE4-DC28ADFFDC6A}.Release|Any CPU.ActiveCfg = Release|Any CPU
		{3276E1B5-F188-4157-AAE4-DC28ADFFDC6A}.Release|Any CPU.Build.0 = Release|Any CPU
		{25E8306A-0512-47EC-A0BA-828DBC06D65C}.Debug|Any CPU.ActiveCfg = Debug|Any CPU
		{25E8306A-0512-47EC-A0BA-828DBC06D65C}.Debug|Any CPU.Build.0 = Debug|Any CPU
		{25E8306A-0512-47EC-A0BA-828DBC06D65C}.Release|Any CPU.ActiveCfg = Release|Any CPU
		{25E8306A-0512-47EC-A0BA-828DBC06D65C}.Release|Any CPU.Build.0 = Release|Any CPU
		{25F3F144-D6E2-4CEE-9054-D8DB56622B72}.Debug|Any CPU.ActiveCfg = Debug|Any CPU
		{25F3F144-D6E2-4CEE-9054-D8DB56622B72}.Debug|Any CPU.Build.0 = Debug|Any CPU
		{25F3F144-D6E2-4CEE-9054-D8DB56622B72}.Release|Any CPU.ActiveCfg = Release|Any CPU
		{25F3F144-D6E2-4CEE-9054-D8DB56622B72}.Release|Any CPU.Build.0 = Release|Any CPU
		{DF1C292F-F649-49AD-BFAC-48D045EFC1F4}.Debug|Any CPU.ActiveCfg = Debug|Any CPU
		{DF1C292F-F649-49AD-BFAC-48D045EFC1F4}.Debug|Any CPU.Build.0 = Debug|Any CPU
		{DF1C292F-F649-49AD-BFAC-48D045EFC1F4}.Release|Any CPU.ActiveCfg = Release|Any CPU
		{DF1C292F-F649-49AD-BFAC-48D045EFC1F4}.Release|Any CPU.Build.0 = Release|Any CPU
		{7E2B7CD7-DE45-49B0-A2D8-68B65784D7E7}.Debug|Any CPU.ActiveCfg = Debug|Any CPU
		{7E2B7CD7-DE45-49B0-A2D8-68B65784D7E7}.Debug|Any CPU.Build.0 = Debug|Any CPU
		{7E2B7CD7-DE45-49B0-A2D8-68B65784D7E7}.Release|Any CPU.ActiveCfg = Release|Any CPU
		{7E2B7CD7-DE45-49B0-A2D8-68B65784D7E7}.Release|Any CPU.Build.0 = Release|Any CPU
		{0AFCE458-3F54-4EB9-8885-A5BCF68D289B}.Debug|Any CPU.ActiveCfg = Debug|Any CPU
		{0AFCE458-3F54-4EB9-8885-A5BCF68D289B}.Debug|Any CPU.Build.0 = Debug|Any CPU
		{0AFCE458-3F54-4EB9-8885-A5BCF68D289B}.Release|Any CPU.ActiveCfg = Release|Any CPU
		{0AFCE458-3F54-4EB9-8885-A5BCF68D289B}.Release|Any CPU.Build.0 = Release|Any CPU
		{B3B16BB8-AB60-4A31-B2B6-9EDA622A3DF3}.Debug|Any CPU.ActiveCfg = Debug|Any CPU
		{B3B16BB8-AB60-4A31-B2B6-9EDA622A3DF3}.Debug|Any CPU.Build.0 = Debug|Any CPU
		{B3B16BB8-AB60-4A31-B2B6-9EDA622A3DF3}.Release|Any CPU.ActiveCfg = Release|Any CPU
		{B3B16BB8-AB60-4A31-B2B6-9EDA622A3DF3}.Release|Any CPU.Build.0 = Release|Any CPU
		{FFF2B8EA-189B-40FB-9C64-281C12052FB8}.Debug|Any CPU.ActiveCfg = Debug|Any CPU
		{FFF2B8EA-189B-40FB-9C64-281C12052FB8}.Debug|Any CPU.Build.0 = Debug|Any CPU
		{FFF2B8EA-189B-40FB-9C64-281C12052FB8}.Release|Any CPU.ActiveCfg = Release|Any CPU
		{FFF2B8EA-189B-40FB-9C64-281C12052FB8}.Release|Any CPU.Build.0 = Release|Any CPU
		{634E533C-EA7E-4E62-B065-21E08F5674AB}.Debug|Any CPU.ActiveCfg = Debug|Any CPU
		{634E533C-EA7E-4E62-B065-21E08F5674AB}.Debug|Any CPU.Build.0 = Debug|Any CPU
		{634E533C-EA7E-4E62-B065-21E08F5674AB}.Release|Any CPU.ActiveCfg = Release|Any CPU
		{634E533C-EA7E-4E62-B065-21E08F5674AB}.Release|Any CPU.Build.0 = Release|Any CPU
		{DA29C4E3-388B-432B-AFC6-EE479CFCFB7A}.Debug|Any CPU.ActiveCfg = Debug|Any CPU
		{DA29C4E3-388B-432B-AFC6-EE479CFCFB7A}.Debug|Any CPU.Build.0 = Debug|Any CPU
		{DA29C4E3-388B-432B-AFC6-EE479CFCFB7A}.Release|Any CPU.ActiveCfg = Release|Any CPU
		{DA29C4E3-388B-432B-AFC6-EE479CFCFB7A}.Release|Any CPU.Build.0 = Release|Any CPU
		{41655154-564B-423B-8BD5-DA903874E7F0}.Debug|Any CPU.ActiveCfg = Debug|Any CPU
		{41655154-564B-423B-8BD5-DA903874E7F0}.Debug|Any CPU.Build.0 = Debug|Any CPU
		{41655154-564B-423B-8BD5-DA903874E7F0}.Release|Any CPU.ActiveCfg = Release|Any CPU
		{41655154-564B-423B-8BD5-DA903874E7F0}.Release|Any CPU.Build.0 = Release|Any CPU
		{AC1E232D-7952-48CA-B8B5-0CC950CD75AB}.Debug|Any CPU.ActiveCfg = Debug|Any CPU
		{AC1E232D-7952-48CA-B8B5-0CC950CD75AB}.Debug|Any CPU.Build.0 = Debug|Any CPU
		{AC1E232D-7952-48CA-B8B5-0CC950CD75AB}.Release|Any CPU.ActiveCfg = Release|Any CPU
		{AC1E232D-7952-48CA-B8B5-0CC950CD75AB}.Release|Any CPU.Build.0 = Release|Any CPU
		{DDF89E93-5738-4CEB-9A5B-BF00A73AEAA5}.Debug|Any CPU.ActiveCfg = Debug|Any CPU
		{DDF89E93-5738-4CEB-9A5B-BF00A73AEAA5}.Debug|Any CPU.Build.0 = Debug|Any CPU
		{DDF89E93-5738-4CEB-9A5B-BF00A73AEAA5}.Release|Any CPU.ActiveCfg = Release|Any CPU
		{DDF89E93-5738-4CEB-9A5B-BF00A73AEAA5}.Release|Any CPU.Build.0 = Release|Any CPU
		{40DE330F-0BD9-4AF3-967F-E579734FF682}.Debug|Any CPU.ActiveCfg = Debug|Any CPU
		{40DE330F-0BD9-4AF3-967F-E579734FF682}.Debug|Any CPU.Build.0 = Debug|Any CPU
		{40DE330F-0BD9-4AF3-967F-E579734FF682}.Release|Any CPU.ActiveCfg = Release|Any CPU
		{40DE330F-0BD9-4AF3-967F-E579734FF682}.Release|Any CPU.Build.0 = Release|Any CPU
		{398A12AA-D8DF-404E-A92D-02B237914301}.Debug|Any CPU.ActiveCfg = Debug|Any CPU
		{398A12AA-D8DF-404E-A92D-02B237914301}.Debug|Any CPU.Build.0 = Debug|Any CPU
		{398A12AA-D8DF-404E-A92D-02B237914301}.Release|Any CPU.ActiveCfg = Release|Any CPU
		{398A12AA-D8DF-404E-A92D-02B237914301}.Release|Any CPU.Build.0 = Release|Any CPU
		{54154472-20DD-4B3F-BB9A-349DF56F1A2A}.Debug|Any CPU.ActiveCfg = Debug|Any CPU
		{54154472-20DD-4B3F-BB9A-349DF56F1A2A}.Debug|Any CPU.Build.0 = Debug|Any CPU
		{54154472-20DD-4B3F-BB9A-349DF56F1A2A}.Release|Any CPU.ActiveCfg = Release|Any CPU
		{54154472-20DD-4B3F-BB9A-349DF56F1A2A}.Release|Any CPU.Build.0 = Release|Any CPU
		{C23ED82F-39D6-4810-934F-88ADBBDA1CD4}.Debug|Any CPU.ActiveCfg = Debug|Any CPU
		{C23ED82F-39D6-4810-934F-88ADBBDA1CD4}.Debug|Any CPU.Build.0 = Debug|Any CPU
		{C23ED82F-39D6-4810-934F-88ADBBDA1CD4}.Release|Any CPU.ActiveCfg = Release|Any CPU
		{C23ED82F-39D6-4810-934F-88ADBBDA1CD4}.Release|Any CPU.Build.0 = Release|Any CPU
	EndGlobalSection
	GlobalSection(SolutionProperties) = preSolution
		HideSolutionNode = FALSE
	EndGlobalSection
	GlobalSection(NestedProjects) = preSolution
		{B48E576E-4860-4153-9988-8DE36B50972A} = {02EA681E-C7D8-13C7-8484-4AC65E1B71E8}
		{873A1E70-6309-4378-BA00-39536E7E7585} = {724EC155-D792-4296-AFAC-559D60251C48}
		{61B3AEC2-DB8D-4CF6-83DE-E674971CC543} = {B8146EAC-B783-4773-B445-5281363C960F}
		{80C97B0A-B342-4083-864B-B407D26B222D} = {9411543C-D3D8-4212-99F1-4687974401EC}
		{FBF7FEE3-15FD-4CDB-AA78-0487B5BDC6FE} = {9BFF286B-3FE1-45F6-99EB-5E63ABE817DC}
		{E0D9FE87-2738-4E2A-B7B6-0D426831031E} = {9BFF286B-3FE1-45F6-99EB-5E63ABE817DC}
		{BF50B5BC-BF40-4DB0-8E9F-270CF22333B7} = {9411543C-D3D8-4212-99F1-4687974401EC}
		{D4FC27E5-3795-43BE-B866-48B358853B48} = {50297724-8513-4687-882C-1D786C075DFE}
		{3F965838-4E70-4802-B1D1-9DDF4D8D4C49} = {D4FC27E5-3795-43BE-B866-48B358853B48}
		{E451F516-5A5A-4516-8EE4-1D5AA73D7D13} = {50297724-8513-4687-882C-1D786C075DFE}
		{642EF65A-8BE6-4286-A1EB-5EB7B5A62E1F} = {E451F516-5A5A-4516-8EE4-1D5AA73D7D13}
		{F5928021-F4DB-4056-B16A-9799F7DAF08E} = {50297724-8513-4687-882C-1D786C075DFE}
		{C2AD3F52-DB49-461D-B1A7-8BB5F340DA34} = {50297724-8513-4687-882C-1D786C075DFE}
		{062BC3D3-ED4B-4A6F-818D-697466C3811E} = {50297724-8513-4687-882C-1D786C075DFE}
		{9E79C366-CFE3-4934-A97A-A990D6DFCAD6} = {062BC3D3-ED4B-4A6F-818D-697466C3811E}
		{CDA9D071-2997-4913-823F-E4F5596286E3} = {96D74FF7-8581-496E-8A53-AA61E908BA67}
		{F9D908C7-158B-49EB-B4A9-5BF982402D3E} = {96D74FF7-8581-496E-8A53-AA61E908BA67}
		{A69CFF61-3BC7-4812-92A9-1AE4AD7E10F6} = {96D74FF7-8581-496E-8A53-AA61E908BA67}
		{8342ADD4-CCF9-443C-B24F-4A4809E20101} = {96D74FF7-8581-496E-8A53-AA61E908BA67}
		{E64EF6B8-9BB8-464A-BD1C-DA11BACC03DC} = {96D74FF7-8581-496E-8A53-AA61E908BA67}
		{FE28844C-5F9D-4B18-8A23-DB6ACA596905} = {F9D908C7-158B-49EB-B4A9-5BF982402D3E}
		{3276E1B5-F188-4157-AAE4-DC28ADFFDC6A} = {8342ADD4-CCF9-443C-B24F-4A4809E20101}
		{25E8306A-0512-47EC-A0BA-828DBC06D65C} = {A69CFF61-3BC7-4812-92A9-1AE4AD7E10F6}
		{25F3F144-D6E2-4CEE-9054-D8DB56622B72} = {E64EF6B8-9BB8-464A-BD1C-DA11BACC03DC}
		{83C11BA2-EA3C-498A-9C5D-678AE678FDED} = {2C8E9FE0-5B03-4CE8-9172-26BD6280959F}
		{ED957CBF-B364-45A4-B3E6-0433D53F2127} = {2C8E9FE0-5B03-4CE8-9172-26BD6280959F}
		{5FAE495F-4929-40D9-B2A7-ECEC7E7CFA0B} = {2C8E9FE0-5B03-4CE8-9172-26BD6280959F}
		{108337C3-2A80-418A-A6B6-545C90B24C0D} = {2C8E9FE0-5B03-4CE8-9172-26BD6280959F}
		{DF1C292F-F649-49AD-BFAC-48D045EFC1F4} = {2C8E9FE0-5B03-4CE8-9172-26BD6280959F}
		{7E2B7CD7-DE45-49B0-A2D8-68B65784D7E7} = {83C11BA2-EA3C-498A-9C5D-678AE678FDED}
		{0AFCE458-3F54-4EB9-8885-A5BCF68D289B} = {ED957CBF-B364-45A4-B3E6-0433D53F2127}
		{B3B16BB8-AB60-4A31-B2B6-9EDA622A3DF3} = {5FAE495F-4929-40D9-B2A7-ECEC7E7CFA0B}
		{FFF2B8EA-189B-40FB-9C64-281C12052FB8} = {108337C3-2A80-418A-A6B6-545C90B24C0D}
		{634E533C-EA7E-4E62-B065-21E08F5674AB} = {531D8A8E-CEF3-4F93-8A06-0746F3569BA6}
		{DA29C4E3-388B-432B-AFC6-EE479CFCFB7A} = {1829D153-E95B-43A1-9BD1-2FC0A2589071}
		{41655154-564B-423B-8BD5-DA903874E7F0} = {58C3F9C4-5846-4460-B718-FE4897E3B678}
		{AC1E232D-7952-48CA-B8B5-0CC950CD75AB} = {6B62BBB8-B84B-44EA-88CA-0507185B57D7}
		{DDF89E93-5738-4CEB-9A5B-BF00A73AEAA5} = {4015FD71-7F88-4AAB-ABD3-08A545A165B8}
		{40DE330F-0BD9-4AF3-967F-E579734FF682} = {0807DE83-3B1B-4602-B44D-204BCBFFD6A0}
		{398A12AA-D8DF-404E-A92D-02B237914301} = {10A85048-36CD-4058-B573-EEE1365D55D7}
		{54154472-20DD-4B3F-BB9A-349DF56F1A2A} = {35B70E0A-EBDE-4605-81D4-2029737A90D8}
		{C23ED82F-39D6-4810-934F-88ADBBDA1CD4} = {C0E5502C-5198-4596-877E-DBD52635AADB}
	EndGlobalSection
	GlobalSection(ExtensibilityGlobals) = postSolution
		SolutionGuid = {01E9BC51-8960-435E-8C89-4179E69888E1}
	EndGlobalSection
EndGlobal
